# THIS IS AN AUTOGENERATED FILE. DO NOT EDIT THIS FILE DIRECTLY.
# yarn lockfile v1


"@types/faker@^5.1.6":
  version "5.1.6"
  resolved "https://registry.yarnpkg.com/@types/faker/-/faker-5.1.6.tgz#f029aaebfc2d7931a3d729c0888c15f0187d2453"
  integrity sha512-D+gfFWR/YCvlrYL8lgNZO1jKgIUW+cfhxsgMOqUMYwCI+tl0htD7vCCXp/oJsIxJpxuI7zqmo3gpVQBkFCM4iA==

faker@^5.3.1:
  version "5.3.1"
  resolved "https://registry.yarnpkg.com/faker/-/faker-5.3.1.tgz#67f8f5c170b97a76b875389e0e8b9155da7b4853"
  integrity sha512-sVdoApX/awJHO9DZHZsHVaJBNFiJW0n3lPs0q/nFxp/Mtya1dr2sCMktST3mdxNMHjkvKTTMAW488E+jH1eSbg==

prettier@^2.2.1:
  version "2.2.1"
  resolved "https://registry.yarnpkg.com/prettier/-/prettier-2.2.1.tgz#795a1a78dd52f073da0cd42b21f9c91381923ff5"
  integrity sha512-PqyhM2yCjg/oKkFPtTGUojv7gnZAoG80ttl45O6x2Ug/rMJw4wcc9k6aaf2hibP7BGVCCM33gZoGjyvt9mm16Q==
